# THIS IS AN AUTOGENERATED FILE. DO NOT EDIT THIS FILE DIRECTLY.
# yarn lockfile v1


"@types/estree@*":
  version "0.0.39"
  resolved "https://registry.npm.taobao.org/@types/estree/download/@types/estree-0.0.39.tgz#e177e699ee1b8c22d23174caaa7422644389509f"
  integrity sha1-4Xfmme4bjCLSMXTKqnQiZEOJUJ8=

"@types/node@*":
  version "12.12.8"
  resolved "https://registry.npm.taobao.org/@types/node/download/@types/node-12.12.8.tgz#dab418655af39ce2fa99286a0bed21ef8072ac9d"
  integrity sha1-2rQYZVrznOL6mShqC+0h74ByrJ0=

acorn@^7.1.0:
  version "7.1.0"
  resolved "https://registry.npm.taobao.org/acorn/download/acorn-7.1.0.tgz#949d36f2c292535da602283586c2477c57eb2d6c"
  integrity sha1-lJ028sKSU12mAig1hsJHfFfrLWw=

rollup@^1.27.1:
  version "1.27.1"
  resolved "https://registry.npm.taobao.org/rollup/download/rollup-1.27.1.tgz#3f09a81be7f9869e18c42a852ec1a50ecc47561d"
  integrity sha1-PwmoG+f5hp4YxCqFLsGlDsxHVh0=
  dependencies:
    "@types/estree" "*"
    "@types/node" "*"
    acorn "^7.1.0"
